
Microsoft Visual Studio Solution File, Format Version 12.00
# Visual Studio Version 17
VisualStudioVersion = 17.14.36811.4 d17.14
MinimumVisualStudioVersion = 10.0.40219.1
Project("{FAE04EC0-301F-11D3-BF4B-00C04F79EFBC}") = "RaizesDigitais", "RaizesDigitais\RaizesDigitais.csproj", "{DEF606FF-604D-4C59-9C60-DEB9097B6A2C}"
EndProject
Global
	GlobalSection(SolutionConfigurationPlatforms) = preSolution
		Debug|Any CPU = Debug|Any CPU
		Release|Any CPU = Release|Any CPU
	EndGlobalSection
	GlobalSection(ProjectConfigurationPlatforms) = postSolution
		{DEF606FF-604D-4C59-9C60-DEB9097B6A2C}.Debug|Any CPU.ActiveCfg = Debug|Any CPU
		{DEF606FF-604D-4C59-9C60-DEB9097B6A2C}.Debug|Any CPU.Build.0 = Debug|Any CPU
		{DEF606FF-604D-4C59-9C60-DEB9097B6A2C}.Release|Any CPU.ActiveCfg = Release|Any CPU
		{DEF606FF-604D-4C59-9C60-DEB9097B6A2C}.Release|Any CPU.Build.0 = Release|Any CPU
	EndGlobalSection
	GlobalSection(SolutionProperties) = preSolution
		HideSolutionNode = FALSE
	EndGlobalSection
	GlobalSection(ExtensibilityGlobals) = postSolution
		SolutionGuid = {9159B562-A08B-4EF0-B921-F223F4489A86}
	EndGlobalSection
EndGlobal
